// !$*UTF8*$!
{
	archiveVersion = 1;
	classes = {
	};
	objectVersion = 50;
	objects = {

/* Begin PBXBuildFile section */
		D31E0C1022CDCC7C00D3CA51 /* UITableView+LENEasy.m in Sources */ = {isa = PBXBuildFile; fileRef = D31E0C0F22CDCC7C00D3CA51 /* UITableView+LENEasy.m */; };
		D31E0C1422CDCD4C00D3CA51 /* LENEasyTableViewTextCell.m in Sources */ = {isa = PBXBuildFile; fileRef = D31E0C1222CDCD4C00D3CA51 /* LENEasyTableViewTextCell.m */; };
		D31E0C1522CDCD4C00D3CA51 /* LENEasyTableViewTextCell.xib in Resources */ = {isa = PBXBuildFile; fileRef = D31E0C1322CDCD4C00D3CA51 /* LENEasyTableViewTextCell.xib */; };
		D31E0C1822CDD11600D3CA51 /* UITableViewCell+LENEasy.m in Sources */ = {isa = PBXBuildFile; fileRef = D31E0C1722CDD11600D3CA51 /* UITableViewCell+LENEasy.m */; };
		D31E0C2222CDD67E00D3CA51 /* LENEasyTableViewModel.m in Sources */ = {isa = PBXBuildFile; fileRef = D31E0C2122CDD67E00D3CA51 /* LENEasyTableViewModel.m */; };
		D31E0C2822CDD8C900D3CA51 /* LENEasyTableViewTextModel.m in Sources */ = {isa = PBXBuildFile; fileRef = D31E0C2722CDD8C900D3CA51 /* LENEasyTableViewTextModel.m */; };
		D321CD1C22941147000F3915 /* LENQRCodeScanViewController.m in Sources */ = {isa = PBXBuildFile; fileRef = D321CD1A22941147000F3915 /* LENQRCodeScanViewController.m */; };
		D321CD1D22941147000F3915 /* LENQRCodeScanViewController.xib in Resources */ = {isa = PBXBuildFile; fileRef = D321CD1B22941147000F3915 /* LENQRCodeScanViewController.xib */; };
		D3313A9022DEC07E00FF3C3F /* labixiaoxin.jpeg in Resources */ = {isa = PBXBuildFile; fileRef = D3313A8F22DEC07E00FF3C3F /* labixiaoxin.jpeg */; };
		D34EA81122C9CD8D000E9998 /* LENCyleControlView.m in Sources */ = {isa = PBXBuildFile; fileRef = D34EA81022C9CD8D000E9998 /* LENCyleControlView.m */; };
		D365E148227537CD00D158D5 /* LENDocumentShareViewController.m in Sources */ = {isa = PBXBuildFile; fileRef = D365E146227537CD00D158D5 /* LENDocumentShareViewController.m */; };
		D365E149227537CD00D158D5 /* LENDocumentShareViewController.xib in Resources */ = {isa = PBXBuildFile; fileRef = D365E147227537CD00D158D5 /* LENDocumentShareViewController.xib */; };
		D365E14B227538D300D158D5 /* DocumentShareTest.pdf in Resources */ = {isa = PBXBuildFile; fileRef = D365E14A227538D300D158D5 /* DocumentShareTest.pdf */; };
		D365E14E227569FE00D158D5 /* DocumentShareTest.jpeg in Resources */ = {isa = PBXBuildFile; fileRef = D365E14D227569FE00D158D5 /* DocumentShareTest.jpeg */; };
		D365E15022756CD200D158D5 /* DocumentShareTest.MOV in Resources */ = {isa = PBXBuildFile; fileRef = D365E14F22756CD200D158D5 /* DocumentShareTest.MOV */; };
		D365E15222756E0800D158D5 /* DocumentShareTest2.MOV in Resources */ = {isa = PBXBuildFile; fileRef = D365E15122756E0800D158D5 /* DocumentShareTest2.MOV */; };
		D36D9FDD22CD9435009E69F6 /* LENEasyTableViewController.m in Sources */ = {isa = PBXBuildFile; fileRef = D36D9FDB22CD9434009E69F6 /* LENEasyTableViewController.m */; };
		D36D9FDE22CD9435009E69F6 /* LENEasyTableViewController.xib in Resources */ = {isa = PBXBuildFile; fileRef = D36D9FDC22CD9435009E69F6 /* LENEasyTableViewController.xib */; };
		D380DD6522A544F800BEBAA0 /* LENNotificationsViewController.m in Sources */ = {isa = PBXBuildFile; fileRef = D380DD6322A544F800BEBAA0 /* LENNotificationsViewController.m */; };
		D380DD6622A544F800BEBAA0 /* LENNotificationsViewController.xib in Resources */ = {isa = PBXBuildFile; fileRef = D380DD6422A544F800BEBAA0 /* LENNotificationsViewController.xib */; };
		D380DD6D22A54E8800BEBAA0 /* LENCycleProgressViewController.m in Sources */ = {isa = PBXBuildFile; fileRef = D380DD6B22A54E8800BEBAA0 /* LENCycleProgressViewController.m */; };
		D380DD6E22A54E8800BEBAA0 /* LENCycleProgressViewController.xib in Resources */ = {isa = PBXBuildFile; fileRef = D380DD6C22A54E8800BEBAA0 /* LENCycleProgressViewController.xib */; };
		D380DD7122A550A200BEBAA0 /* LENCycleProgressView.m in Sources */ = {isa = PBXBuildFile; fileRef = D380DD7022A550A200BEBAA0 /* LENCycleProgressView.m */; };
		D389A6A122D6C92F00890A87 /* LENColorSelectViewController.m in Sources */ = {isa = PBXBuildFile; fileRef = D389A69F22D6C92F00890A87 /* LENColorSelectViewController.m */; };
		D389A6A222D6C92F00890A87 /* LENColorSelectViewController.xib in Resources */ = {isa = PBXBuildFile; fileRef = D389A6A022D6C92F00890A87 /* LENColorSelectViewController.xib */; };
		D389A6A522D6C97500890A87 /* LENColorSelectView.m in Sources */ = {isa = PBXBuildFile; fileRef = D389A6A422D6C97500890A87 /* LENColorSelectView.m */; };
		D3AFDDF32276D6210033DB64 /* LENDocumentReceiveViewController.m in Sources */ = {isa = PBXBuildFile; fileRef = D3AFDDF12276D6210033DB64 /* LENDocumentReceiveViewController.m */; };
		D3AFDDF42276D6210033DB64 /* LENDocumentReceiveViewController.xib in Resources */ = {isa = PBXBuildFile; fileRef = D3AFDDF22276D6210033DB64 /* LENDocumentReceiveViewController.xib */; };
		D3AFDDFD2276E8960033DB64 /* LENDocumentReceiveCollectionViewCell.m in Sources */ = {isa = PBXBuildFile; fileRef = D3AFDDFB2276E8960033DB64 /* LENDocumentReceiveCollectionViewCell.m */; };
		D3AFDDFE2276E8960033DB64 /* LENDocumentReceiveCollectionViewCell.xib in Resources */ = {isa = PBXBuildFile; fileRef = D3AFDDFC2276E8960033DB64 /* LENDocumentReceiveCollectionViewCell.xib */; };
		D3AFDE012276EAE00033DB64 /* LENDocumentModel.m in Sources */ = {isa = PBXBuildFile; fileRef = D3AFDE002276EAE00033DB64 /* LENDocumentModel.m */; };
		D3BF54032280525100D15655 /* LENSquareGridView.m in Sources */ = {isa = PBXBuildFile; fileRef = D3BF54022280525100D15655 /* LENSquareGridView.m */; };
		D3BF54082280584100D15655 /* LENSquareGridViewController.m in Sources */ = {isa = PBXBuildFile; fileRef = D3BF54062280584100D15655 /* LENSquareGridViewController.m */; };
		D3BF54092280584100D15655 /* LENSquareGridViewController.xib in Resources */ = {isa = PBXBuildFile; fileRef = D3BF54072280584100D15655 /* LENSquareGridViewController.xib */; };
		D3CBF2CA22486B9C00DECFC3 /* AppDelegate.m in Sources */ = {isa = PBXBuildFile; fileRef = D3CBF2C922486B9C00DECFC3 /* AppDelegate.m */; };
		D3CBF2CD22486B9C00DECFC3 /* ViewController.m in Sources */ = {isa = PBXBuildFile; fileRef = D3CBF2CC22486B9C00DECFC3 /* ViewController.m */; };
		D3CBF2D022486B9C00DECFC3 /* Main.storyboard in Resources */ = {isa = PBXBuildFile; fileRef = D3CBF2CE22486B9C00DECFC3 /* Main.storyboard */; };
		D3CBF2D222486B9C00DECFC3 /* Assets.xcassets in Resources */ = {isa = PBXBuildFile; fileRef = D3CBF2D122486B9C00DECFC3 /* Assets.xcassets */; };
		D3CBF2D522486B9C00DECFC3 /* LaunchScreen.storyboard in Resources */ = {isa = PBXBuildFile; fileRef = D3CBF2D322486B9C00DECFC3 /* LaunchScreen.storyboard */; };
		D3CBF2D822486B9C00DECFC3 /* main.m in Sources */ = {isa = PBXBuildFile; fileRef = D3CBF2D722486B9C00DECFC3 /* main.m */; };
		D3CBF2E222486B9C00DECFC3 /* LedonDemoTests.m in Sources */ = {isa = PBXBuildFile; fileRef = D3CBF2E122486B9C00DECFC3 /* LedonDemoTests.m */; };
		D3CBF2ED22486B9C00DECFC3 /* LedonDemoUITests.m in Sources */ = {isa = PBXBuildFile; fileRef = D3CBF2EC22486B9C00DECFC3 /* LedonDemoUITests.m */; };
		D3CBF2FD22486BBB00DECFC3 /* MainViewController.m in Sources */ = {isa = PBXBuildFile; fileRef = D3CBF2FB22486BBB00DECFC3 /* MainViewController.m */; };
		D3CBF2FE22486BBB00DECFC3 /* MainViewController.xib in Resources */ = {isa = PBXBuildFile; fileRef = D3CBF2FC22486BBB00DECFC3 /* MainViewController.xib */; };
		D3E58CA322AF911D00FD678A /* LENDirectionControlViewController.m in Sources */ = {isa = PBXBuildFile; fileRef = D3E58CA122AF911D00FD678A /* LENDirectionControlViewController.m */; };
		D3E58CA422AF911D00FD678A /* LENDirectionControlViewController.xib in Resources */ = {isa = PBXBuildFile; fileRef = D3E58CA222AF911D00FD678A /* LENDirectionControlViewController.xib */; };
		D3ECE76022CF79B4009AD334 /* LENTurntableViewController.m in Sources */ = {isa = PBXBuildFile; fileRef = D3ECE75E22CF79B4009AD334 /* LENTurntableViewController.m */; };
		D3ECE76122CF79B4009AD334 /* LENTurntableViewController.xib in Resources */ = {isa = PBXBuildFile; fileRef = D3ECE75F22CF79B4009AD334 /* LENTurntableViewController.xib */; };
		D3ECE76422CF79D6009AD334 /* LENTurnTableView.m in Sources */ = {isa = PBXBuildFile; fileRef = D3ECE76322CF79D6009AD334 /* LENTurnTableView.m */; };
		D3FC09A32293F4DD008B63A4 /* LENQRCodeViewController.m in Sources */ = {isa = PBXBuildFile; fileRef = D3FC09A12293F4DD008B63A4 /* LENQRCodeViewController.m */; };
		D3FC09A42293F4DD008B63A4 /* LENQRCodeViewController.xib in Resources */ = {isa = PBXBuildFile; fileRef = D3FC09A22293F4DD008B63A4 /* LENQRCodeViewController.xib */; };
		D3FC2ADE22E838BE008E6E50 /* README.md in Resources */ = {isa = PBXBuildFile; fileRef = D3FC2ADD22E838BD008E6E50 /* README.md */; };
		D3FC2AE222E8390D008E6E50 /* LENFunctionWifi.m in Sources */ = {isa = PBXBuildFile; fileRef = D3FC2AE122E8390D008E6E50 /* LENFunctionWifi.m */; };
/* End PBXBuildFile section */

/* Begin PBXContainerItemProxy section */
		D3CBF2DE22486B9C00DECFC3 /* PBXContainerItemProxy */ = {
			isa = PBXContainerItemProxy;
			containerPortal = D3CBF2BD22486B9C00DECFC3 /* Project object */;
			proxyType = 1;
			remoteGlobalIDString = D3CBF2C422486B9C00DECFC3;
			remoteInfo = LedonDemo;
		};
		D3CBF2E922486B9C00DECFC3 /* PBXContainerItemProxy */ = {
			isa = PBXContainerItemProxy;
			containerPortal = D3CBF2BD22486B9C00DECFC3 /* Project object */;
			proxyType = 1;
			remoteGlobalIDString = D3CBF2C422486B9C00DECFC3;
			remoteInfo = LedonDemo;
		};
/* End PBXContainerItemProxy section */

/* Begin PBXFileReference section */
		D31E0C0D22CDCC4900D3CA51 /* LENEasyTableViewCells.h */ = {isa = PBXFileReference; lastKnownFileType = sourcecode.c.h; path = LENEasyTableViewCells.h; sourceTree = "<group>"; };
		D31E0C0E22CDCC7C00D3CA51 /* UITableView+LENEasy.h */ = {isa = PBXFileReference; lastKnownFileType = sourcecode.c.h; path = "UITableView+LENEasy.h"; sourceTree = "<group>"; };
		D31E0C0F22CDCC7C00D3CA51 /* UITableView+LENEasy.m */ = {isa = PBXFileReference; lastKnownFileType = sourcecode.c.objc; path = "UITableView+LENEasy.m"; sourceTree = "<group>"; };
		D31E0C1122CDCD4C00D3CA51 /* LENEasyTableViewTextCell.h */ = {isa = PBXFileReference; lastKnownFileType = sourcecode.c.h; path = LENEasyTableViewTextCell.h; sourceTree = "<group>"; };
		D31E0C1222CDCD4C00D3CA51 /* LENEasyTableViewTextCell.m */ = {isa = PBXFileReference; lastKnownFileType = sourcecode.c.objc; path = LENEasyTableViewTextCell.m; sourceTree = "<group>"; };
		D31E0C1322CDCD4C00D3CA51 /* LENEasyTableViewTextCell.xib */ = {isa = PBXFileReference; lastKnownFileType = file.xib; path = LENEasyTableViewTextCell.xib; sourceTree = "<group>"; };
		D31E0C1622CDD11600D3CA51 /* UITableViewCell+LENEasy.h */ = {isa = PBXFileReference; lastKnownFileType = sourcecode.c.h; path = "UITableViewCell+LENEasy.h"; sourceTree = "<group>"; };
		D31E0C1722CDD11600D3CA51 /* UITableViewCell+LENEasy.m */ = {isa = PBXFileReference; lastKnownFileType = sourcecode.c.objc; path = "UITableViewCell+LENEasy.m"; sourceTree = "<group>"; };
		D31E0C1C22CDD59200D3CA51 /* README.md */ = {isa = PBXFileReference; lastKnownFileType = net.daringfireball.markdown; path = README.md; sourceTree = "<group>"; };
		D31E0C2022CDD67E00D3CA51 /* LENEasyTableViewModel.h */ = {isa = PBXFileReference; lastKnownFileType = sourcecode.c.h; path = LENEasyTableViewModel.h; sourceTree = "<group>"; };
		D31E0C2122CDD67E00D3CA51 /* LENEasyTableViewModel.m */ = {isa = PBXFileReference; lastKnownFileType = sourcecode.c.objc; path = LENEasyTableViewModel.m; sourceTree = "<group>"; };
		D31E0C2622CDD8C900D3CA51 /* LENEasyTableViewTextModel.h */ = {isa = PBXFileReference; lastKnownFileType = sourcecode.c.h; path = LENEasyTableViewTextModel.h; sourceTree = "<group>"; };
		D31E0C2722CDD8C900D3CA51 /* LENEasyTableViewTextModel.m */ = {isa = PBXFileReference; lastKnownFileType = sourcecode.c.objc; path = LENEasyTableViewTextModel.m; sourceTree = "<group>"; };
		D31E0C2922CDDE3700D3CA51 /* LENEasyTableViewDefine.h */ = {isa = PBXFileReference; lastKnownFileType = sourcecode.c.h; path = LENEasyTableViewDefine.h; sourceTree = "<group>"; };
		D321CD1922941147000F3915 /* LENQRCodeScanViewController.h */ = {isa = PBXFileReference; lastKnownFileType = sourcecode.c.h; path = LENQRCodeScanViewController.h; sourceTree = "<group>"; };
		D321CD1A22941147000F3915 /* LENQRCodeScanViewController.m */ = {isa = PBXFileReference; lastKnownFileType = sourcecode.c.objc; path = LENQRCodeScanViewController.m; sourceTree = "<group>"; };
		D321CD1B22941147000F3915 /* LENQRCodeScanViewController.xib */ = {isa = PBXFileReference; lastKnownFileType = file.xib; path = LENQRCodeScanViewController.xib; sourceTree = "<group>"; };
		D3313A8F22DEC07E00FF3C3F /* labixiaoxin.jpeg */ = {isa = PBXFileReference; lastKnownFileType = image.jpeg; path = labixiaoxin.jpeg; sourceTree = "<group>"; };
		D34EA80F22C9CD8D000E9998 /* LENCyleControlView.h */ = {isa = PBXFileReference; lastKnownFileType = sourcecode.c.h; path = LENCyleControlView.h; sourceTree = "<group>"; };
		D34EA81022C9CD8D000E9998 /* LENCyleControlView.m */ = {isa = PBXFileReference; lastKnownFileType = sourcecode.c.objc; path = LENCyleControlView.m; sourceTree = "<group>"; };
		D365E145227537CD00D158D5 /* LENDocumentShareViewController.h */ = {isa = PBXFileReference; lastKnownFileType = sourcecode.c.h; path = LENDocumentShareViewController.h; sourceTree = "<group>"; };
		D365E146227537CD00D158D5 /* LENDocumentShareViewController.m */ = {isa = PBXFileReference; lastKnownFileType = sourcecode.c.objc; path = LENDocumentShareViewController.m; sourceTree = "<group>"; };
		D365E147227537CD00D158D5 /* LENDocumentShareViewController.xib */ = {isa = PBXFileReference; lastKnownFileType = file.xib; path = LENDocumentShareViewController.xib; sourceTree = "<group>"; };
		D365E14A227538D300D158D5 /* DocumentShareTest.pdf */ = {isa = PBXFileReference; lastKnownFileType = image.pdf; path = DocumentShareTest.pdf; sourceTree = "<group>"; };
		D365E14C22753A8300D158D5 /* README.md */ = {isa = PBXFileReference; lastKnownFileType = net.daringfireball.markdown; path = README.md; sourceTree = "<group>"; };
		D365E14D227569FE00D158D5 /* DocumentShareTest.jpeg */ = {isa = PBXFileReference; lastKnownFileType = image.jpeg; path = DocumentShareTest.jpeg; sourceTree = "<group>"; };
		D365E14F22756CD200D158D5 /* DocumentShareTest.MOV */ = {isa = PBXFileReference; lastKnownFileType = video.quicktime; path = DocumentShareTest.MOV; sourceTree = "<group>"; };
		D365E15122756E0800D158D5 /* DocumentShareTest2.MOV */ = {isa = PBXFileReference; lastKnownFileType = video.quicktime; path = DocumentShareTest2.MOV; sourceTree = "<group>"; };
		D36D9FD822CD93C9009E69F6 /* README.md */ = {isa = PBXFileReference; lastKnownFileType = net.daringfireball.markdown; path = README.md; sourceTree = "<group>"; };
		D36D9FDA22CD9434009E69F6 /* LENEasyTableViewController.h */ = {isa = PBXFileReference; lastKnownFileType = sourcecode.c.h; path = LENEasyTableViewController.h; sourceTree = "<group>"; };
		D36D9FDB22CD9434009E69F6 /* LENEasyTableViewController.m */ = {isa = PBXFileReference; lastKnownFileType = sourcecode.c.objc; path = LENEasyTableViewController.m; sourceTree = "<group>"; };
		D36D9FDC22CD9435009E69F6 /* LENEasyTableViewController.xib */ = {isa = PBXFileReference; lastKnownFileType = file.xib; path = LENEasyTableViewController.xib; sourceTree = "<group>"; };
		D37574E322D57F79000F6DD1 /* LENColorDefine.h */ = {isa = PBXFileReference; lastKnownFileType = sourcecode.c.h; path = LENColorDefine.h; sourceTree = "<group>"; };
		D380DD6222A544F800BEBAA0 /* LENNotificationsViewController.h */ = {isa = PBXFileReference; lastKnownFileType = sourcecode.c.h; path = LENNotificationsViewController.h; sourceTree = "<group>"; };
		D380DD6322A544F800BEBAA0 /* LENNotificationsViewController.m */ = {isa = PBXFileReference; lastKnownFileType = sourcecode.c.objc; path = LENNotificationsViewController.m; sourceTree = "<group>"; };
		D380DD6422A544F800BEBAA0 /* LENNotificationsViewController.xib */ = {isa = PBXFileReference; lastKnownFileType = file.xib; path = LENNotificationsViewController.xib; sourceTree = "<group>"; };
		D380DD6722A5451C00BEBAA0 /* README.md */ = {isa = PBXFileReference; lastKnownFileType = net.daringfireball.markdown; path = README.md; sourceTree = "<group>"; };
		D380DD6A22A54E8800BEBAA0 /* LENCycleProgressViewController.h */ = {isa = PBXFileReference; lastKnownFileType = sourcecode.c.h; path = LENCycleProgressViewController.h; sourceTree = "<group>"; };
		D380DD6B22A54E8800BEBAA0 /* LENCycleProgressViewController.m */ = {isa = PBXFileReference; lastKnownFileType = sourcecode.c.objc; path = LENCycleProgressViewController.m; sourceTree = "<group>"; };
		D380DD6C22A54E8800BEBAA0 /* LENCycleProgressViewController.xib */ = {isa = PBXFileReference; lastKnownFileType = file.xib; path = LENCycleProgressViewController.xib; sourceTree = "<group>"; };
		D380DD6F22A550A200BEBAA0 /* LENCycleProgressView.h */ = {isa = PBXFileReference; lastKnownFileType = sourcecode.c.h; path = LENCycleProgressView.h; sourceTree = "<group>"; };
		D380DD7022A550A200BEBAA0 /* LENCycleProgressView.m */ = {isa = PBXFileReference; lastKnownFileType = sourcecode.c.objc; path = LENCycleProgressView.m; sourceTree = "<group>"; };
		D380DD7222A6372000BEBAA0 /* README.md */ = {isa = PBXFileReference; lastKnownFileType = net.daringfireball.markdown; path = README.md; sourceTree = "<group>"; };
		D389A69E22D6C92F00890A87 /* LENColorSelectViewController.h */ = {isa = PBXFileReference; lastKnownFileType = sourcecode.c.h; path = LENColorSelectViewController.h; sourceTree = "<group>"; };
		D389A69F22D6C92F00890A87 /* LENColorSelectViewController.m */ = {isa = PBXFileReference; lastKnownFileType = sourcecode.c.objc; path = LENColorSelectViewController.m; sourceTree = "<group>"; };
		D389A6A022D6C92F00890A87 /* LENColorSelectViewController.xib */ = {isa = PBXFileReference; lastKnownFileType = file.xib; path = LENColorSelectViewController.xib; sourceTree = "<group>"; };
		D389A6A322D6C97500890A87 /* LENColorSelectView.h */ = {isa = PBXFileReference; lastKnownFileType = sourcecode.c.h; path = LENColorSelectView.h; sourceTree = "<group>"; };
		D389A6A422D6C97500890A87 /* LENColorSelectView.m */ = {isa = PBXFileReference; lastKnownFileType = sourcecode.c.objc; path = LENColorSelectView.m; sourceTree = "<group>"; };
		D3AFDDEF2276CEAD0033DB64 /* README.md */ = {isa = PBXFileReference; lastKnownFileType = net.daringfireball.markdown; path = README.md; sourceTree = "<group>"; };
		D3AFDDF02276D6210033DB64 /* LENDocumentReceiveViewController.h */ = {isa = PBXFileReference; lastKnownFileType = sourcecode.c.h; path = LENDocumentReceiveViewController.h; sourceTree = "<group>"; };
		D3AFDDF12276D6210033DB64 /* LENDocumentReceiveViewController.m */ = {isa = PBXFileReference; lastKnownFileType = sourcecode.c.objc; path = LENDocumentReceiveViewController.m; sourceTree = "<group>"; };
		D3AFDDF22276D6210033DB64 /* LENDocumentReceiveViewController.xib */ = {isa = PBXFileReference; lastKnownFileType = file.xib; path = LENDocumentReceiveViewController.xib; sourceTree = "<group>"; };
		D3AFDDFA2276E8960033DB64 /* LENDocumentReceiveCollectionViewCell.h */ = {isa = PBXFileReference; lastKnownFileType = sourcecode.c.h; path = LENDocumentReceiveCollectionViewCell.h; sourceTree = "<group>"; };
		D3AFDDFB2276E8960033DB64 /* LENDocumentReceiveCollectionViewCell.m */ = {isa = PBXFileReference; lastKnownFileType = sourcecode.c.objc; path = LENDocumentReceiveCollectionViewCell.m; sourceTree = "<group>"; };
		D3AFDDFC2276E8960033DB64 /* LENDocumentReceiveCollectionViewCell.xib */ = {isa = PBXFileReference; lastKnownFileType = file.xib; path = LENDocumentReceiveCollectionViewCell.xib; sourceTree = "<group>"; };
		D3AFDDFF2276EAE00033DB64 /* LENDocumentModel.h */ = {isa = PBXFileReference; lastKnownFileType = sourcecode.c.h; path = LENDocumentModel.h; sourceTree = "<group>"; };
		D3AFDE002276EAE00033DB64 /* LENDocumentModel.m */ = {isa = PBXFileReference; lastKnownFileType = sourcecode.c.objc; path = LENDocumentModel.m; sourceTree = "<group>"; };
		D3BF54012280525100D15655 /* LENSquareGridView.h */ = {isa = PBXFileReference; lastKnownFileType = sourcecode.c.h; path = LENSquareGridView.h; sourceTree = "<group>"; };
		D3BF54022280525100D15655 /* LENSquareGridView.m */ = {isa = PBXFileReference; lastKnownFileType = sourcecode.c.objc; path = LENSquareGridView.m; sourceTree = "<group>"; };
		D3BF54042280526000D15655 /* README.md */ = {isa = PBXFileReference; lastKnownFileType = net.daringfireball.markdown; path = README.md; sourceTree = "<group>"; };
		D3BF54052280584100D15655 /* LENSquareGridViewController.h */ = {isa = PBXFileReference; lastKnownFileType = sourcecode.c.h; path = LENSquareGridViewController.h; sourceTree = "<group>"; };
		D3BF54062280584100D15655 /* LENSquareGridViewController.m */ = {isa = PBXFileReference; lastKnownFileType = sourcecode.c.objc; path = LENSquareGridViewController.m; sourceTree = "<group>"; };
		D3BF54072280584100D15655 /* LENSquareGridViewController.xib */ = {isa = PBXFileReference; lastKnownFileType = file.xib; path = LENSquareGridViewController.xib; sourceTree = "<group>"; };
		D3CBF2C522486B9C00DECFC3 /* LedonDemo.app */ = {isa = PBXFileReference; explicitFileType = wrapper.application; includeInIndex = 0; path = LedonDemo.app; sourceTree = BUILT_PRODUCTS_DIR; };
		D3CBF2C822486B9C00DECFC3 /* AppDelegate.h */ = {isa = PBXFileReference; lastKnownFileType = sourcecode.c.h; path = AppDelegate.h; sourceTree = "<group>"; };
		D3CBF2C922486B9C00DECFC3 /* AppDelegate.m */ = {isa = PBXFileReference; lastKnownFileType = sourcecode.c.objc; path = AppDelegate.m; sourceTree = "<group>"; };
		D3CBF2CB22486B9C00DECFC3 /* ViewController.h */ = {isa = PBXFileReference; lastKnownFileType = sourcecode.c.h; path = ViewController.h; sourceTree = "<group>"; };
		D3CBF2CC22486B9C00DECFC3 /* ViewController.m */ = {isa = PBXFileReference; lastKnownFileType = sourcecode.c.objc; path = ViewController.m; sourceTree = "<group>"; };
		D3CBF2CF22486B9C00DECFC3 /* Base */ = {isa = PBXFileReference; lastKnownFileType = file.storyboard; name = Base; path = Base.lproj/Main.storyboard; sourceTree = "<group>"; };
		D3CBF2D122486B9C00DECFC3 /* Assets.xcassets */ = {isa = PBXFileReference; lastKnownFileType = folder.assetcatalog; path = Assets.xcassets; sourceTree = "<group>"; };
		D3CBF2D422486B9C00DECFC3 /* Base */ = {isa = PBXFileReference; lastKnownFileType = file.storyboard; name = Base; path = Base.lproj/LaunchScreen.storyboard; sourceTree = "<group>"; };
		D3CBF2D622486B9C00DECFC3 /* Info.plist */ = {isa = PBXFileReference; lastKnownFileType = text.plist.xml; path = Info.plist; sourceTree = "<group>"; };
		D3CBF2D722486B9C00DECFC3 /* main.m */ = {isa = PBXFileReference; lastKnownFileType = sourcecode.c.objc; path = main.m; sourceTree = "<group>"; };
		D3CBF2DD22486B9C00DECFC3 /* LedonDemoTests.xctest */ = {isa = PBXFileReference; explicitFileType = wrapper.cfbundle; includeInIndex = 0; path = LedonDemoTests.xctest; sourceTree = BUILT_PRODUCTS_DIR; };
		D3CBF2E122486B9C00DECFC3 /* LedonDemoTests.m */ = {isa = PBXFileReference; lastKnownFileType = sourcecode.c.objc; path = LedonDemoTests.m; sourceTree = "<group>"; };
		D3CBF2E322486B9C00DECFC3 /* Info.plist */ = {isa = PBXFileReference; lastKnownFileType = text.plist.xml; path = Info.plist; sourceTree = "<group>"; };
		D3CBF2E822486B9C00DECFC3 /* LedonDemoUITests.xctest */ = {isa = PBXFileReference; explicitFileType = wrapper.cfbundle; includeInIndex = 0; path = LedonDemoUITests.xctest; sourceTree = BUILT_PRODUCTS_DIR; };
		D3CBF2EC22486B9C00DECFC3 /* LedonDemoUITests.m */ = {isa = PBXFileReference; lastKnownFileType = sourcecode.c.objc; path = LedonDemoUITests.m; sourceTree = "<group>"; };
		D3CBF2EE22486B9C00DECFC3 /* Info.plist */ = {isa = PBXFileReference; lastKnownFileType = text.plist.xml; path = Info.plist; sourceTree = "<group>"; };
		D3CBF2FA22486BBB00DECFC3 /* MainViewController.h */ = {isa = PBXFileReference; lastKnownFileType = sourcecode.c.h; path = MainViewController.h; sourceTree = "<group>"; };
		D3CBF2FB22486BBB00DECFC3 /* MainViewController.m */ = {isa = PBXFileReference; lastKnownFileType = sourcecode.c.objc; path = MainViewController.m; sourceTree = "<group>"; };
		D3CBF2FC22486BBB00DECFC3 /* MainViewController.xib */ = {isa = PBXFileReference; lastKnownFileType = file.xib; path = MainViewController.xib; sourceTree = "<group>"; };
		D3E58CA022AF911D00FD678A /* LENDirectionControlViewController.h */ = {isa = PBXFileReference; lastKnownFileType = sourcecode.c.h; path = LENDirectionControlViewController.h; sourceTree = "<group>"; };
		D3E58CA122AF911D00FD678A /* LENDirectionControlViewController.m */ = {isa = PBXFileReference; lastKnownFileType = sourcecode.c.objc; path = LENDirectionControlViewController.m; sourceTree = "<group>"; };
		D3E58CA222AF911D00FD678A /* LENDirectionControlViewController.xib */ = {isa = PBXFileReference; lastKnownFileType = file.xib; path = LENDirectionControlViewController.xib; sourceTree = "<group>"; };
		D3ECE75D22CF79B4009AD334 /* LENTurntableViewController.h */ = {isa = PBXFileReference; lastKnownFileType = sourcecode.c.h; path = LENTurntableViewController.h; sourceTree = "<group>"; };
		D3ECE75E22CF79B4009AD334 /* LENTurntableViewController.m */ = {isa = PBXFileReference; lastKnownFileType = sourcecode.c.objc; path = LENTurntableViewController.m; sourceTree = "<group>"; };
		D3ECE75F22CF79B4009AD334 /* LENTurntableViewController.xib */ = {isa = PBXFileReference; lastKnownFileType = file.xib; path = LENTurntableViewController.xib; sourceTree = "<group>"; };
		D3ECE76222CF79D6009AD334 /* LENTurnTableView.h */ = {isa = PBXFileReference; lastKnownFileType = sourcecode.c.h; path = LENTurnTableView.h; sourceTree = "<group>"; };
		D3ECE76322CF79D6009AD334 /* LENTurnTableView.m */ = {isa = PBXFileReference; lastKnownFileType = sourcecode.c.objc; path = LENTurnTableView.m; sourceTree = "<group>"; };
		D3ECE76522CF79DF009AD334 /* README.md */ = {isa = PBXFileReference; lastKnownFileType = net.daringfireball.markdown; path = README.md; sourceTree = "<group>"; };
		D3FC099F2293F4B2008B63A4 /* README.md */ = {isa = PBXFileReference; lastKnownFileType = net.daringfireball.markdown; path = README.md; sourceTree = "<group>"; };
		D3FC09A02293F4DD008B63A4 /* LENQRCodeViewController.h */ = {isa = PBXFileReference; lastKnownFileType = sourcecode.c.h; path = LENQRCodeViewController.h; sourceTree = "<group>"; };
		D3FC09A12293F4DD008B63A4 /* LENQRCodeViewController.m */ = {isa = PBXFileReference; lastKnownFileType = sourcecode.c.objc; path = LENQRCodeViewController.m; sourceTree = "<group>"; };
		D3FC09A22293F4DD008B63A4 /* LENQRCodeViewController.xib */ = {isa = PBXFileReference; lastKnownFileType = file.xib; path = LENQRCodeViewController.xib; sourceTree = "<group>"; };
		D3FC2ADD22E838BD008E6E50 /* README.md */ = {isa = PBXFileReference; fileEncoding = 4; lastKnownFileType = net.daringfireball.markdown; path = README.md; sourceTree = "<group>"; };
		D3FC2AE022E8390D008E6E50 /* LENFunctionWifi.h */ = {isa = PBXFileReference; lastKnownFileType = sourcecode.c.h; path = LENFunctionWifi.h; sourceTree = "<group>"; };
		D3FC2AE122E8390D008E6E50 /* LENFunctionWifi.m */ = {isa = PBXFileReference; lastKnownFileType = sourcecode.c.objc; path = LENFunctionWifi.m; sourceTree = "<group>"; };
/* End PBXFileReference section */

/* Begin PBXFrameworksBuildPhase section */
		D3CBF2C222486B9C00DECFC3 /* Frameworks */ = {
			isa = PBXFrameworksBuildPhase;
			buildActionMask = 2147483647;
			files = (
			);
			runOnlyForDeploymentPostprocessing = 0;
		};
		D3CBF2DA22486B9C00DECFC3 /* Frameworks */ = {
			isa = PBXFrameworksBuildPhase;
			buildActionMask = 2147483647;
			files = (
			);
			runOnlyForDeploymentPostprocessing = 0;
		};
		D3CBF2E522486B9C00DECFC3 /* Frameworks */ = {
			isa = PBXFrameworksBuildPhase;
			buildActionMask = 2147483647;
			files = (
			);
			runOnlyForDeploymentPostprocessing = 0;
		};
/* End PBXFrameworksBuildPhase section */

/* Begin PBXGroup section */
		D365E1442275379100D158D5 /* DocumentShare */ = {
			isa = PBXGroup;
			children = (
				D365E145227537CD00D158D5 /* LENDocumentShareViewController.h */,
				D365E146227537CD00D158D5 /* LENDocumentShareViewController.m */,
				D365E147227537CD00D158D5 /* LENDocumentShareViewController.xib */,
				D365E14A227538D300D158D5 /* DocumentShareTest.pdf */,
				D365E14D227569FE00D158D5 /* DocumentShareTest.jpeg */,
				D365E15122756E0800D158D5 /* DocumentShareTest2.MOV */,
				D365E14F22756CD200D158D5 /* DocumentShareTest.MOV */,
				D365E14C22753A8300D158D5 /* README.md */,
			);
			path = DocumentShare;
			sourceTree = "<group>";
		};
		D36D9FD922CD9411009E69F6 /* EasyTableView */ = {
			isa = PBXGroup;
			children = (
				D31E0C2922CDDE3700D3CA51 /* LENEasyTableViewDefine.h */,
				D31E0C0D22CDCC4900D3CA51 /* LENEasyTableViewCells.h */,
				D36D9FE022CD983D009E69F6 /* view */,
				D36D9FDF22CD9837009E69F6 /* model */,
				D36D9FDA22CD9434009E69F6 /* LENEasyTableViewController.h */,
				D36D9FDB22CD9434009E69F6 /* LENEasyTableViewController.m */,
				D36D9FDC22CD9435009E69F6 /* LENEasyTableViewController.xib */,
				D31E0C1C22CDD59200D3CA51 /* README.md */,
			);
			path = EasyTableView;
			sourceTree = "<group>";
		};
		D36D9FDF22CD9837009E69F6 /* model */ = {
			isa = PBXGroup;
			children = (
				D31E0C0E22CDCC7C00D3CA51 /* UITableView+LENEasy.h */,
				D31E0C0F22CDCC7C00D3CA51 /* UITableView+LENEasy.m */,
				D31E0C1622CDD11600D3CA51 /* UITableViewCell+LENEasy.h */,
				D31E0C1722CDD11600D3CA51 /* UITableViewCell+LENEasy.m */,
				D31E0C2022CDD67E00D3CA51 /* LENEasyTableViewModel.h */,
				D31E0C2122CDD67E00D3CA51 /* LENEasyTableViewModel.m */,
				D31E0C2622CDD8C900D3CA51 /* LENEasyTableViewTextModel.h */,
				D31E0C2722CDD8C900D3CA51 /* LENEasyTableViewTextModel.m */,
			);
			path = model;
			sourceTree = "<group>";
		};
		D36D9FE022CD983D009E69F6 /* view */ = {
			isa = PBXGroup;
			children = (
				D31E0C1122CDCD4C00D3CA51 /* LENEasyTableViewTextCell.h */,
				D31E0C1222CDCD4C00D3CA51 /* LENEasyTableViewTextCell.m */,
				D31E0C1322CDCD4C00D3CA51 /* LENEasyTableViewTextCell.xib */,
			);
			path = view;
			sourceTree = "<group>";
		};
		D380DD6022A544A200BEBAA0 /* Notifications */ = {
			isa = PBXGroup;
			children = (
				D380DD6222A544F800BEBAA0 /* LENNotificationsViewController.h */,
				D380DD6322A544F800BEBAA0 /* LENNotificationsViewController.m */,
				D380DD6422A544F800BEBAA0 /* LENNotificationsViewController.xib */,
				D380DD6722A5451C00BEBAA0 /* README.md */,
			);
			path = Notifications;
			sourceTree = "<group>";
		};
		D380DD6922A54E6300BEBAA0 /* CycleProgress */ = {
			isa = PBXGroup;
			children = (
				D380DD6A22A54E8800BEBAA0 /* LENCycleProgressViewController.h */,
				D380DD6B22A54E8800BEBAA0 /* LENCycleProgressViewController.m */,
				D380DD6C22A54E8800BEBAA0 /* LENCycleProgressViewController.xib */,
				D380DD6F22A550A200BEBAA0 /* LENCycleProgressView.h */,
				D380DD7022A550A200BEBAA0 /* LENCycleProgressView.m */,
				D380DD7222A6372000BEBAA0 /* README.md */,
			);
			path = CycleProgress;
			sourceTree = "<group>";
		};
		D389A69D22D6C91400890A87 /* ColorSelect */ = {
			isa = PBXGroup;
			children = (
				D389A69E22D6C92F00890A87 /* LENColorSelectViewController.h */,
				D389A69F22D6C92F00890A87 /* LENColorSelectViewController.m */,
				D389A6A022D6C92F00890A87 /* LENColorSelectViewController.xib */,
				D389A6A322D6C97500890A87 /* LENColorSelectView.h */,
				D389A6A422D6C97500890A87 /* LENColorSelectView.m */,
			);
			path = ColorSelect;
			sourceTree = "<group>";
		};
		D3AFDDEC2276CE670033DB64 /* DocumentReceive */ = {
			isa = PBXGroup;
			children = (
				D3AFDDEF2276CEAD0033DB64 /* README.md */,
				D3AFDDF02276D6210033DB64 /* LENDocumentReceiveViewController.h */,
				D3AFDDF12276D6210033DB64 /* LENDocumentReceiveViewController.m */,
				D3AFDDF22276D6210033DB64 /* LENDocumentReceiveViewController.xib */,
				D3AFDDFA2276E8960033DB64 /* LENDocumentReceiveCollectionViewCell.h */,
				D3AFDDFB2276E8960033DB64 /* LENDocumentReceiveCollectionViewCell.m */,
				D3AFDDFC2276E8960033DB64 /* LENDocumentReceiveCollectionViewCell.xib */,
				D3AFDDFF2276EAE00033DB64 /* LENDocumentModel.h */,
				D3AFDE002276EAE00033DB64 /* LENDocumentModel.m */,
			);
			path = DocumentReceive;
			sourceTree = "<group>";
		};
		D3BF5400228051F100D15655 /* SquareGrid */ = {
			isa = PBXGroup;
			children = (
				D3BF54012280525100D15655 /* LENSquareGridView.h */,
				D3BF54022280525100D15655 /* LENSquareGridView.m */,
				D3BF54052280584100D15655 /* LENSquareGridViewController.h */,
				D3BF54062280584100D15655 /* LENSquareGridViewController.m */,
				D3BF54072280584100D15655 /* LENSquareGridViewController.xib */,
				D3BF54042280526000D15655 /* README.md */,
			);
			path = SquareGrid;
			sourceTree = "<group>";
		};
		D3CBF2BC22486B9C00DECFC3 = {
			isa = PBXGroup;
			children = (
				D3FC2ADD22E838BD008E6E50 /* README.md */,
				D3CBF2C722486B9C00DECFC3 /* LedonDemo */,
				D3CBF2E022486B9C00DECFC3 /* LedonDemoTests */,
				D3CBF2EB22486B9C00DECFC3 /* LedonDemoUITests */,
				D3CBF2C622486B9C00DECFC3 /* Products */,
			);
			sourceTree = "<group>";
		};
		D3CBF2C622486B9C00DECFC3 /* Products */ = {
			isa = PBXGroup;
			children = (
				D3CBF2C522486B9C00DECFC3 /* LedonDemo.app */,
				D3CBF2DD22486B9C00DECFC3 /* LedonDemoTests.xctest */,
				D3CBF2E822486B9C00DECFC3 /* LedonDemoUITests.xctest */,
			);
			name = Products;
			sourceTree = "<group>";
		};
		D3CBF2C722486B9C00DECFC3 /* LedonDemo */ = {
			isa = PBXGroup;
			children = (
				D3FC2ADF22E838DB008E6E50 /* Functions */,
				D389A69D22D6C91400890A87 /* ColorSelect */,
				D3ECE75C22CF7565009AD334 /* Turntable */,
				D36D9FD922CD9411009E69F6 /* EasyTableView */,
				D3E58C9C22AF90B500FD678A /* DirectionControl */,
				D380DD6922A54E6300BEBAA0 /* CycleProgress */,
				D3FC099B2293F48E008B63A4 /* QRCode */,
				D3BF5400228051F100D15655 /* SquareGrid */,
				D365E1442275379100D158D5 /* DocumentShare */,
				D3AFDDEC2276CE670033DB64 /* DocumentReceive */,
				D380DD6022A544A200BEBAA0 /* Notifications */,
				D3CBF2C822486B9C00DECFC3 /* AppDelegate.h */,
				D3CBF2C922486B9C00DECFC3 /* AppDelegate.m */,
				D3CBF2CB22486B9C00DECFC3 /* ViewController.h */,
				D3CBF2CC22486B9C00DECFC3 /* ViewController.m */,
				D3CBF2CE22486B9C00DECFC3 /* Main.storyboard */,
				D3CBF2D122486B9C00DECFC3 /* Assets.xcassets */,
				D3CBF2D322486B9C00DECFC3 /* LaunchScreen.storyboard */,
				D3CBF2D622486B9C00DECFC3 /* Info.plist */,
				D3CBF2D722486B9C00DECFC3 /* main.m */,
				D3CBF2FA22486BBB00DECFC3 /* MainViewController.h */,
				D3CBF2FB22486BBB00DECFC3 /* MainViewController.m */,
				D3CBF2FC22486BBB00DECFC3 /* MainViewController.xib */,
				D3313A8F22DEC07E00FF3C3F /* labixiaoxin.jpeg */,
			);
			path = LedonDemo;
			sourceTree = "<group>";
		};
		D3CBF2E022486B9C00DECFC3 /* LedonDemoTests */ = {
			isa = PBXGroup;
			children = (
				D3CBF2E122486B9C00DECFC3 /* LedonDemoTests.m */,
				D3CBF2E322486B9C00DECFC3 /* Info.plist */,
			);
			path = LedonDemoTests;
			sourceTree = "<group>";
		};
		D3CBF2EB22486B9C00DECFC3 /* LedonDemoUITests */ = {
			isa = PBXGroup;
			children = (
				D3CBF2EC22486B9C00DECFC3 /* LedonDemoUITests.m */,
				D3CBF2EE22486B9C00DECFC3 /* Info.plist */,
			);
			path = LedonDemoUITests;
			sourceTree = "<group>";
		};
		D3E58C9C22AF90B500FD678A /* DirectionControl */ = {
			isa = PBXGroup;
			children = (
				D3E58CA022AF911D00FD678A /* LENDirectionControlViewController.h */,
				D3E58CA122AF911D00FD678A /* LENDirectionControlViewController.m */,
				D3E58CA222AF911D00FD678A /* LENDirectionControlViewController.xib */,
				D34EA80F22C9CD8D000E9998 /* LENCyleControlView.h */,
				D34EA81022C9CD8D000E9998 /* LENCyleControlView.m */,
				D36D9FD822CD93C9009E69F6 /* README.md */,
			);
			path = DirectionControl;
			sourceTree = "<group>";
		};
		D3ECE75C22CF7565009AD334 /* Turntable */ = {
			isa = PBXGroup;
			children = (
				D37574E322D57F79000F6DD1 /* LENColorDefine.h */,
				D3ECE75D22CF79B4009AD334 /* LENTurntableViewController.h */,
				D3ECE75E22CF79B4009AD334 /* LENTurntableViewController.m */,
				D3ECE75F22CF79B4009AD334 /* LENTurntableViewController.xib */,
				D3ECE76222CF79D6009AD334 /* LENTurnTableView.h */,
				D3ECE76322CF79D6009AD334 /* LENTurnTableView.m */,
				D3ECE76522CF79DF009AD334 /* README.md */,
			);
			path = Turntable;
			sourceTree = "<group>";
		};
		D3FC099B2293F48E008B63A4 /* QRCode */ = {
			isa = PBXGroup;
			children = (
				D3FC099F2293F4B2008B63A4 /* README.md */,
				D3FC09A02293F4DD008B63A4 /* LENQRCodeViewController.h */,
				D3FC09A12293F4DD008B63A4 /* LENQRCodeViewController.m */,
				D3FC09A22293F4DD008B63A4 /* LENQRCodeViewController.xib */,
				D321CD1922941147000F3915 /* LENQRCodeScanViewController.h */,
				D321CD1A22941147000F3915 /* LENQRCodeScanViewController.m */,
				D321CD1B22941147000F3915 /* LENQRCodeScanViewController.xib */,
			);
			path = QRCode;
			sourceTree = "<group>";
		};
		D3FC2ADF22E838DB008E6E50 /* Functions */ = {
			isa = PBXGroup;
			children = (
				D3FC2AE022E8390D008E6E50 /* LENFunctionWifi.h */,
				D3FC2AE122E8390D008E6E50 /* LENFunctionWifi.m */,
			);
			path = Functions;
			sourceTree = "<group>";
		};
/* End PBXGroup section */

/* Begin PBXNativeTarget section */
		D3CBF2C422486B9C00DECFC3 /* LedonDemo */ = {
			isa = PBXNativeTarget;
			buildConfigurationList = D3CBF2F122486B9C00DECFC3 /* Build configuration list for PBXNativeTarget "LedonDemo" */;
			buildPhases = (
				D3CBF2C122486B9C00DECFC3 /* Sources */,
				D3CBF2C222486B9C00DECFC3 /* Frameworks */,
				D3CBF2C322486B9C00DECFC3 /* Resources */,
			);
			buildRules = (
			);
			dependencies = (
			);
			name = LedonDemo;
			productName = LedonDemo;
			productReference = D3CBF2C522486B9C00DECFC3 /* LedonDemo.app */;
			productType = "com.apple.product-type.application";
		};
		D3CBF2DC22486B9C00DECFC3 /* LedonDemoTests */ = {
			isa = PBXNativeTarget;
			buildConfigurationList = D3CBF2F422486B9C00DECFC3 /* Build configuration list for PBXNativeTarget "LedonDemoTests" */;
			buildPhases = (
				D3CBF2D922486B9C00DECFC3 /* Sources */,
				D3CBF2DA22486B9C00DECFC3 /* Frameworks */,
				D3CBF2DB22486B9C00DECFC3 /* Resources */,
			);
			buildRules = (
			);
			dependencies = (
				D3CBF2DF22486B9C00DECFC3 /* PBXTargetDependency */,
			);
			name = LedonDemoTests;
			productName = LedonDemoTests;
			productReference = D3CBF2DD22486B9C00DECFC3 /* LedonDemoTests.xctest */;
			productType = "com.apple.product-type.bundle.unit-test";
		};
		D3CBF2E722486B9C00DECFC3 /* LedonDemoUITests */ = {
			isa = PBXNativeTarget;
			buildConfigurationList = D3CBF2F722486B9C00DECFC3 /* Build configuration list for PBXNativeTarget "LedonDemoUITests" */;
			buildPhases = (
				D3CBF2E422486B9C00DECFC3 /* Sources */,
				D3CBF2E522486B9C00DECFC3 /* Frameworks */,
				D3CBF2E622486B9C00DECFC3 /* Resources */,
			);
			buildRules = (
			);
			dependencies = (
				D3CBF2EA22486B9C00DECFC3 /* PBXTargetDependency */,
			);
			name = LedonDemoUITests;
			productName = LedonDemoUITests;
			productReference = D3CBF2E822486B9C00DECFC3 /* LedonDemoUITests.xctest */;
			productType = "com.apple.product-type.bundle.ui-testing";
		};
/* End PBXNativeTarget section */

/* Begin PBXProject section */
		D3CBF2BD22486B9C00DECFC3 /* Project object */ = {
			isa = PBXProject;
			attributes = {
				CLASSPREFIX = LEN;
				LastUpgradeCheck = 1010;
				ORGANIZATIONNAME = ledon;
				TargetAttributes = {
					D3CBF2C422486B9C00DECFC3 = {
						CreatedOnToolsVersion = 10.1;
					};
					D3CBF2DC22486B9C00DECFC3 = {
						CreatedOnToolsVersion = 10.1;
						TestTargetID = D3CBF2C422486B9C00DECFC3;
					};
					D3CBF2E722486B9C00DECFC3 = {
						CreatedOnToolsVersion = 10.1;
						TestTargetID = D3CBF2C422486B9C00DECFC3;
					};
				};
			};
			buildConfigurationList = D3CBF2C022486B9C00DECFC3 /* Build configuration list for PBXProject "LedonDemo" */;
			compatibilityVersion = "Xcode 9.3";
			developmentRegion = en;
			hasScannedForEncodings = 0;
			knownRegions = (
				en,
				Base,
			);
			mainGroup = D3CBF2BC22486B9C00DECFC3;
			productRefGroup = D3CBF2C622486B9C00DECFC3 /* Products */;
			projectDirPath = "";
			projectRoot = "";
			targets = (
				D3CBF2C422486B9C00DECFC3 /* LedonDemo */,
				D3CBF2DC22486B9C00DECFC3 /* LedonDemoTests */,
				D3CBF2E722486B9C00DECFC3 /* LedonDemoUITests */,
			);
		};
/* End PBXProject section */

/* Begin PBXResourcesBuildPhase section */
		D3CBF2C322486B9C00DECFC3 /* Resources */ = {
			isa = PBXResourcesBuildPhase;
			buildActionMask = 2147483647;
			files = (
				D3CBF2D522486B9C00DECFC3 /* LaunchScreen.storyboard in Resources */,
				D3CBF2D222486B9C00DECFC3 /* Assets.xcassets in Resources */,
				D3313A9022DEC07E00FF3C3F /* labixiaoxin.jpeg in Resources */,
				D3ECE76122CF79B4009AD334 /* LENTurntableViewController.xib in Resources */,
				D365E14B227538D300D158D5 /* DocumentShareTest.pdf in Resources */,
				D3AFDDF42276D6210033DB64 /* LENDocumentReceiveViewController.xib in Resources */,
				D365E149227537CD00D158D5 /* LENDocumentShareViewController.xib in Resources */,
				D3FC09A42293F4DD008B63A4 /* LENQRCodeViewController.xib in Resources */,
				D3FC2ADE22E838BE008E6E50 /* README.md in Resources */,
				D3BF54092280584100D15655 /* LENSquareGridViewController.xib in Resources */,
				D31E0C1522CDCD4C00D3CA51 /* LENEasyTableViewTextCell.xib in Resources */,
				D3CBF2D022486B9C00DECFC3 /* Main.storyboard in Resources */,
				D389A6A222D6C92F00890A87 /* LENColorSelectViewController.xib in Resources */,
				D3E58CA422AF911D00FD678A /* LENDirectionControlViewController.xib in Resources */,
				D365E15222756E0800D158D5 /* DocumentShareTest2.MOV in Resources */,
				D380DD6622A544F800BEBAA0 /* LENNotificationsViewController.xib in Resources */,
				D321CD1D22941147000F3915 /* LENQRCodeScanViewController.xib in Resources */,
				D3CBF2FE22486BBB00DECFC3 /* MainViewController.xib in Resources */,
				D365E14E227569FE00D158D5 /* DocumentShareTest.jpeg in Resources */,
				D3AFDDFE2276E8960033DB64 /* LENDocumentReceiveCollectionViewCell.xib in Resources */,
				D380DD6E22A54E8800BEBAA0 /* LENCycleProgressViewController.xib in Resources */,
				D365E15022756CD200D158D5 /* DocumentShareTest.MOV in Resources */,
				D36D9FDE22CD9435009E69F6 /* LENEasyTableViewController.xib in Resources */,
			);
			runOnlyForDeploymentPostprocessing = 0;
		};
		D3CBF2DB22486B9C00DECFC3 /* Resources */ = {
			isa = PBXResourcesBuildPhase;
			buildActionMask = 2147483647;
			files = (
			);
			runOnlyForDeploymentPostprocessing = 0;
		};
		D3CBF2E622486B9C00DECFC3 /* Resources */ = {
			isa = PBXResourcesBuildPhase;
			buildActionMask = 2147483647;
			files = (
			);
			runOnlyForDeploymentPostprocessing = 0;
		};
/* End PBXResourcesBuildPhase section */

/* Begin PBXSourcesBuildPhase section */
		D3CBF2C122486B9C00DECFC3 /* Sources */ = {
			isa = PBXSourcesBuildPhase;
			buildActionMask = 2147483647;
			files = (
				D380DD6522A544F800BEBAA0 /* LENNotificationsViewController.m in Sources */,
				D3CBF2CD22486B9C00DECFC3 /* ViewController.m in Sources */,
				D31E0C2222CDD67E00D3CA51 /* LENEasyTableViewModel.m in Sources */,
				D3ECE76422CF79D6009AD334 /* LENTurnTableView.m in Sources */,
				D380DD7122A550A200BEBAA0 /* LENCycleProgressView.m in Sources */,
				D3BF54082280584100D15655 /* LENSquareGridViewController.m in Sources */,
				D3AFDDF32276D6210033DB64 /* LENDocumentReceiveViewController.m in Sources */,
				D3ECE76022CF79B4009AD334 /* LENTurntableViewController.m in Sources */,
				D3CBF2D822486B9C00DECFC3 /* main.m in Sources */,
				D3CBF2CA22486B9C00DECFC3 /* AppDelegate.m in Sources */,
				D31E0C2822CDD8C900D3CA51 /* LENEasyTableViewTextModel.m in Sources */,
				D3AFDE012276EAE00033DB64 /* LENDocumentModel.m in Sources */,
				D365E148227537CD00D158D5 /* LENDocumentShareViewController.m in Sources */,
				D3E58CA322AF911D00FD678A /* LENDirectionControlViewController.m in Sources */,
				D34EA81122C9CD8D000E9998 /* LENCyleControlView.m in Sources */,
				D380DD6D22A54E8800BEBAA0 /* LENCycleProgressViewController.m in Sources */,
				D3CBF2FD22486BBB00DECFC3 /* MainViewController.m in Sources */,
				D3FC09A32293F4DD008B63A4 /* LENQRCodeViewController.m in Sources */,
				D389A6A122D6C92F00890A87 /* LENColorSelectViewController.m in Sources */,
				D321CD1C22941147000F3915 /* LENQRCodeScanViewController.m in Sources */,
				D3FC2AE222E8390D008E6E50 /* LENFunctionWifi.m in Sources */,
				D31E0C1822CDD11600D3CA51 /* UITableViewCell+LENEasy.m in Sources */,
				D31E0C1022CDCC7C00D3CA51 /* UITableView+LENEasy.m in Sources */,
				D3AFDDFD2276E8960033DB64 /* LENDocumentReceiveCollectionViewCell.m in Sources */,
				D3BF54032280525100D15655 /* LENSquareGridView.m in Sources */,
				D31E0C1422CDCD4C00D3CA51 /* LENEasyTableViewTextCell.m in Sources */,
				D36D9FDD22CD9435009E69F6 /* LENEasyTableViewController.m in Sources */,
				D389A6A522D6C97500890A87 /* LENColorSelectView.m in Sources */,
			);
			runOnlyForDeploymentPostprocessing = 0;
		};
		D3CBF2D922486B9C00DECFC3 /* Sources */ = {
			isa = PBXSourcesBuildPhase;
			buildActionMask = 2147483647;
			files = (
				D3CBF2E222486B9C00DECFC3 /* LedonDemoTests.m in Sources */,
			);
			runOnlyForDeploymentPostprocessing = 0;
		};
		D3CBF2E422486B9C00DECFC3 /* Sources */ = {
			isa = PBXSourcesBuildPhase;
			buildActionMask = 2147483647;
			files = (
				D3CBF2ED22486B9C00DECFC3 /* LedonDemoUITests.m in Sources */,
			);
			runOnlyForDeploymentPostprocessing = 0;
		};
/* End PBXSourcesBuildPhase section */

/* Begin PBXTargetDependency section */
		D3CBF2DF22486B9C00DECFC3 /* PBXTargetDependency */ = {
			isa = PBXTargetDependency;
			target = D3CBF2C422486B9C00DECFC3 /* LedonDemo */;
			targetProxy = D3CBF2DE22486B9C00DECFC3 /* PBXContainerItemProxy */;
		};
		D3CBF2EA22486B9C00DECFC3 /* PBXTargetDependency */ = {
			isa = PBXTargetDependency;
			target = D3CBF2C422486B9C00DECFC3 /* LedonDemo */;
			targetProxy = D3CBF2E922486B9C00DECFC3 /* PBXContainerItemProxy */;
		};
/* End PBXTargetDependency section */

/* Begin PBXVariantGroup section */
		D3CBF2CE22486B9C00DECFC3 /* Main.storyboard */ = {
			isa = PBXVariantGroup;
			children = (
				D3CBF2CF22486B9C00DECFC3 /* Base */,
			);
			name = Main.storyboard;
			sourceTree = "<group>";
		};
		D3CBF2D322486B9C00DECFC3 /* LaunchScreen.storyboard */ = {
			isa = PBXVariantGroup;
			children = (
				D3CBF2D422486B9C00DECFC3 /* Base */,
			);
			name = LaunchScreen.storyboard;
			sourceTree = "<group>";
		};
/* End PBXVariantGroup section */

/* Begin XCBuildConfiguration section */
		D3CBF2EF22486B9C00DECFC3 /* Debug */ = {
			isa = XCBuildConfiguration;
			buildSettings = {
				ALWAYS_SEARCH_USER_PATHS = NO;
				CLANG_ANALYZER_NONNULL = YES;
				CLANG_ANALYZER_NUMBER_OBJECT_CONVERSION = YES_AGGRESSIVE;
				CLANG_CXX_LANGUAGE_STANDARD = "gnu++14";
				CLANG_CXX_LIBRARY = "libc++";
				CLANG_ENABLE_MODULES = YES;
				CLANG_ENABLE_OBJC_ARC = YES;
				CLANG_ENABLE_OBJC_WEAK = YES;
				CLANG_WARN_BLOCK_CAPTURE_AUTORELEASING = YES;
				CLANG_WARN_BOOL_CONVERSION = YES;
				CLANG_WARN_COMMA = YES;
				CLANG_WARN_CONSTANT_CONVERSION = YES;
				CLANG_WARN_DEPRECATED_OBJC_IMPLEMENTATIONS = YES;
				CLANG_WARN_DIRECT_OBJC_ISA_USAGE = YES_ERROR;
				CLANG_WARN_DOCUMENTATION_COMMENTS = YES;
				CLANG_WARN_EMPTY_BODY = YES;
				CLANG_WARN_ENUM_CONVERSION = YES;
				CLANG_WARN_INFINITE_RECURSION = YES;
				CLANG_WARN_INT_CONVERSION = YES;
				CLANG_WARN_NON_LITERAL_NULL_CONVERSION = YES;
				CLANG_WARN_OBJC_IMPLICIT_RETAIN_SELF = YES;
				CLANG_WARN_OBJC_LITERAL_CONVERSION = YES;
				CLANG_WARN_OBJC_ROOT_CLASS = YES_ERROR;
				CLANG_WARN_RANGE_LOOP_ANALYSIS = YES;
				CLANG_WARN_STRICT_PROTOTYPES = YES;
				CLANG_WARN_SUSPICIOUS_MOVE = YES;
				CLANG_WARN_UNGUARDED_AVAILABILITY = YES_AGGRESSIVE;
				CLANG_WARN_UNREACHABLE_CODE = YES;
				CLANG_WARN__DUPLICATE_METHOD_MATCH = YES;
				CODE_SIGN_IDENTITY = "iPhone Developer";
				COPY_PHASE_STRIP = NO;
				DEBUG_INFORMATION_FORMAT = dwarf;
				ENABLE_STRICT_OBJC_MSGSEND = YES;
				ENABLE_TESTABILITY = YES;
				GCC_C_LANGUAGE_STANDARD = gnu11;
				GCC_DYNAMIC_NO_PIC = NO;
				GCC_NO_COMMON_BLOCKS = YES;
				GCC_OPTIMIZATION_LEVEL = 0;
				GCC_PREPROCESSOR_DEFINITIONS = (
					"DEBUG=1",
					"$(inherited)",
				);
				GCC_WARN_64_TO_32_BIT_CONVERSION = YES;
				GCC_WARN_ABOUT_RETURN_TYPE = YES_ERROR;
				GCC_WARN_UNDECLARED_SELECTOR = YES;
				GCC_WARN_UNINITIALIZED_AUTOS = YES_AGGRESSIVE;
				GCC_WARN_UNUSED_FUNCTION = YES;
				GCC_WARN_UNUSED_VARIABLE = YES;
				IPHONEOS_DEPLOYMENT_TARGET = 12.1;
				MTL_ENABLE_DEBUG_INFO = INCLUDE_SOURCE;
				MTL_FAST_MATH = YES;
				ONLY_ACTIVE_ARCH = YES;
				SDKROOT = iphoneos;
			};
			name = Debug;
		};
		D3CBF2F022486B9C00DECFC3 /* Release */ = {
			isa = XCBuildConfiguration;
			buildSettings = {
				ALWAYS_SEARCH_USER_PATHS = NO;
				CLANG_ANALYZER_NONNULL = YES;
				CLANG_ANALYZER_NUMBER_OBJECT_CONVERSION = YES_AGGRESSIVE;
				CLANG_CXX_LANGUAGE_STANDARD = "gnu++14";
				CLANG_CXX_LIBRARY = "libc++";
				CLANG_ENABLE_MODULES = YES;
				CLANG_ENABLE_OBJC_ARC = YES;
				CLANG_ENABLE_OBJC_WEAK = YES;
				CLANG_WARN_BLOCK_CAPTURE_AUTORELEASING = YES;
				CLANG_WARN_BOOL_CONVERSION = YES;
				CLANG_WARN_COMMA = YES;
				CLANG_WARN_CONSTANT_CONVERSION = YES;
				CLANG_WARN_DEPRECATED_OBJC_IMPLEMENTATIONS = YES;
				CLANG_WARN_DIRECT_OBJC_ISA_USAGE = YES_ERROR;
				CLANG_WARN_DOCUMENTATION_COMMENTS = YES;
				CLANG_WARN_EMPTY_BODY = YES;
				CLANG_WARN_ENUM_CONVERSION = YES;
				CLANG_WARN_INFINITE_RECURSION = YES;
				CLANG_WARN_INT_CONVERSION = YES;
				CLANG_WARN_NON_LITERAL_NULL_CONVERSION = YES;
				CLANG_WARN_OBJC_IMPLICIT_RETAIN_SELF = YES;
				CLANG_WARN_OBJC_LITERAL_CONVERSION = YES;
				CLANG_WARN_OBJC_ROOT_CLASS = YES_ERROR;
				CLANG_WARN_RANGE_LOOP_ANALYSIS = YES;
				CLANG_WARN_STRICT_PROTOTYPES = YES;
				CLANG_WARN_SUSPICIOUS_MOVE = YES;
				CLANG_WARN_UNGUARDED_AVAILABILITY = YES_AGGRESSIVE;
				CLANG_WARN_UNREACHABLE_CODE = YES;
				CLANG_WARN__DUPLICATE_METHOD_MATCH = YES;
				CODE_SIGN_IDENTITY = "iPhone Developer";
				COPY_PHASE_STRIP = NO;
				DEBUG_INFORMATION_FORMAT = "dwarf-with-dsym";
				ENABLE_NS_ASSERTIONS = NO;
				ENABLE_STRICT_OBJC_MSGSEND = YES;
				GCC_C_LANGUAGE_STANDARD = gnu11;
				GCC_NO_COMMON_BLOCKS = YES;
				GCC_WARN_64_TO_32_BIT_CONVERSION = YES;
				GCC_WARN_ABOUT_RETURN_TYPE = YES_ERROR;
				GCC_WARN_UNDECLARED_SELECTOR = YES;
				GCC_WARN_UNINITIALIZED_AUTOS = YES_AGGRESSIVE;
				GCC_WARN_UNUSED_FUNCTION = YES;
				GCC_WARN_UNUSED_VARIABLE = YES;
				IPHONEOS_DEPLOYMENT_TARGET = 12.1;
				MTL_ENABLE_DEBUG_INFO = NO;
				MTL_FAST_MATH = YES;
				SDKROOT = iphoneos;
				VALIDATE_PRODUCT = YES;
			};
			name = Release;
		};
		D3CBF2F222486B9C00DECFC3 /* Debug */ = {
			isa = XCBuildConfiguration;
			buildSettings = {
				ASSETCATALOG_COMPILER_APPICON_NAME = AppIcon;
				CODE_SIGN_STYLE = Automatic;
				DEVELOPMENT_TEAM = DF2WD834FA;
				INFOPLIST_FILE = LedonDemo/Info.plist;
				IPHONEOS_DEPLOYMENT_TARGET = 10.0;
				LD_RUNPATH_SEARCH_PATHS = (
					"$(inherited)",
					"@executable_path/Frameworks",
				);
				PRODUCT_BUNDLE_IDENTIFIER = com.ledon.richard.LedonDemo;
				PRODUCT_NAME = "$(TARGET_NAME)";
				TARGETED_DEVICE_FAMILY = "1,2";
			};
			name = Debug;
		};
		D3CBF2F322486B9C00DECFC3 /* Release */ = {
			isa = XCBuildConfiguration;
			buildSettings = {
				ASSETCATALOG_COMPILER_APPICON_NAME = AppIcon;
				CODE_SIGN_STYLE = Automatic;
				DEVELOPMENT_TEAM = DF2WD834FA;
				INFOPLIST_FILE = LedonDemo/Info.plist;
				IPHONEOS_DEPLOYMENT_TARGET = 10.0;
				LD_RUNPATH_SEARCH_PATHS = (
					"$(inherited)",
					"@executable_path/Frameworks",
				);
				PRODUCT_BUNDLE_IDENTIFIER = com.ledon.richard.LedonDemo;
				PRODUCT_NAME = "$(TARGET_NAME)";
				TARGETED_DEVICE_FAMILY = "1,2";
			};
			name = Release;
		};
		D3CBF2F522486B9C00DECFC3 /* Debug */ = {
			isa = XCBuildConfiguration;
			buildSettings = {
				BUNDLE_LOADER = "$(TEST_HOST)";
				CODE_SIGN_STYLE = Automatic;
				DEVELOPMENT_TEAM = DF2WD834FA;
				INFOPLIST_FILE = LedonDemoTests/Info.plist;
				LD_RUNPATH_SEARCH_PATHS = (
					"$(inherited)",
					"@executable_path/Frameworks",
					"@loader_path/Frameworks",
				);
				PRODUCT_BUNDLE_IDENTIFIER = com.ledon.richard.LedonDemoTests;
				PRODUCT_NAME = "$(TARGET_NAME)";
				TARGETED_DEVICE_FAMILY = "1,2";
				TEST_HOST = "$(BUILT_PRODUCTS_DIR)/LedonDemo.app/LedonDemo";
			};
			name = Debug;
		};
		D3CBF2F622486B9C00DECFC3 /* Release */ = {
			isa = XCBuildConfiguration;
			buildSettings = {
				BUNDLE_LOADER = "$(TEST_HOST)";
				CODE_SIGN_STYLE = Automatic;
				DEVELOPMENT_TEAM = DF2WD834FA;
				INFOPLIST_FILE = LedonDemoTests/Info.plist;
				LD_RUNPATH_SEARCH_PATHS = (
					"$(inherited)",
					"@executable_path/Frameworks",
					"@loader_path/Frameworks",
				);
				PRODUCT_BUNDLE_IDENTIFIER = com.ledon.richard.LedonDemoTests;
				PRODUCT_NAME = "$(TARGET_NAME)";
				TARGETED_DEVICE_FAMILY = "1,2";
				TEST_HOST = "$(BUILT_PRODUCTS_DIR)/LedonDemo.app/LedonDemo";
			};
			name = Release;
		};
		D3CBF2F822486B9C00DECFC3 /* Debug */ = {
			isa = XCBuildConfiguration;
			buildSettings = {
				CODE_SIGN_STYLE = Automatic;
				DEVELOPMENT_TEAM = DF2WD834FA;
				INFOPLIST_FILE = LedonDemoUITests/Info.plist;
				LD_RUNPATH_SEARCH_PATHS = (
					"$(inherited)",
					"@executable_path/Frameworks",
					"@loader_path/Frameworks",
				);
				PRODUCT_BUNDLE_IDENTIFIER = com.ledon.richard.LedonDemoUITests;
				PRODUCT_NAME = "$(TARGET_NAME)";
				TARGETED_DEVICE_FAMILY = "1,2";
				TEST_TARGET_NAME = LedonDemo;
			};
			name = Debug;
		};
		D3CBF2F922486B9C00DECFC3 /* Release */ = {
			isa = XCBuildConfiguration;
			buildSettings = {
				CODE_SIGN_STYLE = Automatic;
				DEVELOPMENT_TEAM = DF2WD834FA;
				INFOPLIST_FILE = LedonDemoUITests/Info.plist;
				LD_RUNPATH_SEARCH_PATHS = (
					"$(inherited)",
					"@executable_path/Frameworks",
					"@loader_path/Frameworks",
				);
				PRODUCT_BUNDLE_IDENTIFIER = com.ledon.richard.LedonDemoUITests;
				PRODUCT_NAME = "$(TARGET_NAME)";
				TARGETED_DEVICE_FAMILY = "1,2";
				TEST_TARGET_NAME = LedonDemo;
			};
			name = Release;
		};
/* End XCBuildConfiguration section */

/* Begin XCConfigurationList section */
		D3CBF2C022486B9C00DECFC3 /* Build configuration list for PBXProject "LedonDemo" */ = {
			isa = XCConfigurationList;
			buildConfigurations = (
				D3CBF2EF22486B9C00DECFC3 /* Debug */,
				D3CBF2F022486B9C00DECFC3 /* Release */,
			);
			defaultConfigurationIsVisible = 0;
			defaultConfigurationName = Release;
		};
		D3CBF2F122486B9C00DECFC3 /* Build configuration list for PBXNativeTarget "LedonDemo" */ = {
			isa = XCConfigurationList;
			buildConfigurations = (
				D3CBF2F222486B9C00DECFC3 /* Debug */,
				D3CBF2F322486B9C00DECFC3 /* Release */,
			);
			defaultConfigurationIsVisible = 0;
			defaultConfigurationName = Release;
		};
		D3CBF2F422486B9C00DECFC3 /* Build configuration list for PBXNativeTarget "LedonDemoTests" */ = {
			isa = XCConfigurationList;
			buildConfigurations = (
				D3CBF2F522486B9C00DECFC3 /* Debug */,
				D3CBF2F622486B9C00DECFC3 /* Release */,
			);
			defaultConfigurationIsVisible = 0;
			defaultConfigurationName = Release;
		};
		D3CBF2F722486B9C00DECFC3 /* Build configuration list for PBXNativeTarget "LedonDemoUITests" */ = {
			isa = XCConfigurationList;
			buildConfigurations = (
				D3CBF2F822486B9C00DECFC3 /* Debug */,
				D3CBF2F922486B9C00DECFC3 /* Release */,
			);
			defaultConfigurationIsVisible = 0;
			defaultConfigurationName = Release;
		};
/* End XCConfigurationList section */
	};
	rootObject = D3CBF2BD22486B9C00DECFC3 /* Project object */;
}
